// !$*UTF8*$!
{
	archiveVersion = 1;
	classes = {
	};
	objectVersion = 46;
	objects = {

/* Begin PBXBuildFile section */
		8E9F299C17AD091F00AA30BA /* UIKit.framework in Frameworks */ = {isa = PBXBuildFile; fileRef = 8E9F299B17AD091F00AA30BA /* UIKit.framework */; };
		8E9F299E17AD091F00AA30BA /* Foundation.framework in Frameworks */ = {isa = PBXBuildFile; fileRef = 8E9F299D17AD091F00AA30BA /* Foundation.framework */; };
		8E9F29A017AD091F00AA30BA /* CoreGraphics.framework in Frameworks */ = {isa = PBXBuildFile; fileRef = 8E9F299F17AD091F00AA30BA /* CoreGraphics.framework */; };
		8E9F29A617AD091F00AA30BA /* InfoPlist.strings in Resources */ = {isa = PBXBuildFile; fileRef = 8E9F29A417AD091F00AA30BA /* InfoPlist.strings */; };
		8E9F29A817AD091F00AA30BA /* main.m in Sources */ = {isa = PBXBuildFile; fileRef = 8E9F29A717AD091F00AA30BA /* main.m */; };
		8E9F29AC17AD091F00AA30BA /* AppDelegate.m in Sources */ = {isa = PBXBuildFile; fileRef = 8E9F29AB17AD091F00AA30BA /* AppDelegate.m */; };
		8E9F29AE17AD091F00AA30BA /* Default.png in Resources */ = {isa = PBXBuildFile; fileRef = 8E9F29AD17AD091F00AA30BA /* Default.png */; };
		8E9F29B017AD091F00AA30BA /* Default@2x.png in Resources */ = {isa = PBXBuildFile; fileRef = 8E9F29AF17AD091F00AA30BA /* Default@2x.png */; };
		8E9F29B217AD091F00AA30BA /* Default-568h@2x.png in Resources */ = {isa = PBXBuildFile; fileRef = 8E9F29B117AD091F00AA30BA /* Default-568h@2x.png */; };
		8E9F29B517AD091F00AA30BA /* ViewController.m in Sources */ = {isa = PBXBuildFile; fileRef = 8E9F29B417AD091F00AA30BA /* ViewController.m */; };
		8E9F29B817AD091F00AA30BA /* ViewController.xib in Resources */ = {isa = PBXBuildFile; fileRef = 8E9F29B617AD091F00AA30BA /* ViewController.xib */; };
/* End PBXBuildFile section */

/* Begin PBXFileReference section */
		8E9F299817AD091F00AA30BA /* webtest.app */ = {isa = PBXFileReference; explicitFileType = wrapper.application; includeInIndex = 0; path = webtest.app; sourceTree = BUILT_PRODUCTS_DIR; };
		8E9F299B17AD091F00AA30BA /* UIKit.framework */ = {isa = PBXFileReference; lastKnownFileType = wrapper.framework; name = UIKit.framework; path = System/Library/Frameworks/UIKit.framework; sourceTree = SDKROOT; };
		8E9F299D17AD091F00AA30BA /* Foundation.framework */ = {isa = PBXFileReference; lastKnownFileType = wrapper.framework; name = Foundation.framework; path = System/Library/Frameworks/Foundation.framework; sourceTree = SDKROOT; };
		8E9F299F17AD091F00AA30BA /* CoreGraphics.framework */ = {isa = PBXFileReference; lastKnownFileType = wrapper.framework; name = CoreGraphics.framework; path = System/Library/Frameworks/CoreGraphics.framework; sourceTree = SDKROOT; };
		8E9F29A317AD091F00AA30BA /* webtest-Info.plist */ = {isa = PBXFileReference; lastKnownFileType = text.plist.xml; path = "webtest-Info.plist"; sourceTree = "<group>"; };
		8E9F29A517AD091F00AA30BA /* en */ = {isa = PBXFileReference; lastKnownFileType = text.plist.strings; name = en; path = en.lproj/InfoPlist.strings; sourceTree = "<group>"; };
		8E9F29A717AD091F00AA30BA /* main.m */ = {isa = PBXFileReference; lastKnownFileType = sourcecode.c.objc; path = main.m; sourceTree = "<group>"; };
		8E9F29A917AD091F00AA30BA /* webtest-Prefix.pch */ = {isa = PBXFileReference; lastKnownFileType = sourcecode.c.h; path = "webtest-Prefix.pch"; sourceTree = "<group>"; };
		8E9F29AA17AD091F00AA30BA /* AppDelegate.h */ = {isa = PBXFileReference; lastKnownFileType = sourcecode.c.h; path = AppDelegate.h; sourceTree = "<group>"; };
		8E9F29AB17AD091F00AA30BA /* AppDelegate.m */ = {isa = PBXFileReference; lastKnownFileType = sourcecode.c.objc; path = AppDelegate.m; sourceTree = "<group>"; };
		8E9F29AD17AD091F00AA30BA /* Default.png */ = {isa = PBXFileReference; lastKnownFileType = image.png; path = Default.png; sourceTree = "<group>"; };
		8E9F29AF17AD091F00AA30BA /* Default@2x.png */ = {isa = PBXFileReference; lastKnownFileType = image.png; path = "Default@2x.png"; sourceTree = "<group>"; };
		8E9F29B117AD091F00AA30BA /* Default-568h@2x.png */ = {isa = PBXFileReference; lastKnownFileType = image.png; path = "Default-568h@2x.png"; sourceTree = "<group>"; };
		8E9F29B317AD091F00AA30BA /* ViewController.h */ = {isa = PBXFileReference; lastKnownFileType = sourcecode.c.h; path = ViewController.h; sourceTree = "<group>"; };
		8E9F29B417AD091F00AA30BA /* ViewController.m */ = {isa = PBXFileReference; lastKnownFileType = sourcecode.c.objc; path = ViewController.m; sourceTree = "<group>"; };
		8E9F29B717AD091F00AA30BA /* en */ = {isa = PBXFileReference; lastKnownFileType = file.xib; name = en; path = en.lproj/ViewController.xib; sourceTree = "<group>"; };
/* End PBXFileReference section */

/* Begin PBXFrameworksBuildPhase section */
		8E9F299517AD091F00AA30BA /* Frameworks */ = {
			isa = PBXFrameworksBuildPhase;
			buildActionMask = 2147483647;
			files = (
				8E9F299C17AD091F00AA30BA /* UIKit.framework in Frameworks */,
				8E9F299E17AD091F00AA30BA /* Foundation.framework in Frameworks */,
				8E9F29A017AD091F00AA30BA /* CoreGraphics.framework in Frameworks */,
			);
			runOnlyForDeploymentPostprocessing = 0;
		};
/* End PBXFrameworksBuildPhase section */

/* Begin PBXGroup section */
		8E9F298F17AD091F00AA30BA = {
			isa = PBXGroup;
			children = (
				8E9F29A117AD091F00AA30BA /* webtest */,
				8E9F299A17AD091F00AA30BA /* Frameworks */,
				8E9F299917AD091F00AA30BA /* Products */,
			);
			sourceTree = "<group>";
		};
		8E9F299917AD091F00AA30BA /* Products */ = {
			isa = PBXGroup;
			children = (
				8E9F299817AD091F00AA30BA /* webtest.app */,
			);
			name = Products;
			sourceTree = "<group>";
		};
		8E9F299A17AD091F00AA30BA /* Frameworks */ = {
			isa = PBXGroup;
			children = (
				8E9F299B17AD091F00AA30BA /* UIKit.framework */,
				8E9F299D17AD091F00AA30BA /* Foundation.framework */,
				8E9F299F17AD091F00AA30BA /* CoreGraphics.framework */,
			);
			name = Frameworks;
			sourceTree = "<group>";
		};
		8E9F29A117AD091F00AA30BA /* webtest */ = {
			isa = PBXGroup;
			children = (
				8E9F29AA17AD091F00AA30BA /* AppDelegate.h */,
				8E9F29AB17AD091F00AA30BA /* AppDelegate.m */,
				8E9F29B317AD091F00AA30BA /* ViewController.h */,
				8E9F29B417AD091F00AA30BA /* ViewController.m */,
				8E9F29B617AD091F00AA30BA /* ViewController.xib */,
				8E9F29A217AD091F00AA30BA /* Supporting Files */,
			);
			path = webtest;
			sourceTree = "<group>";
		};
		8E9F29A217AD091F00AA30BA /* Supporting Files */ = {
			isa = PBXGroup;
			children = (
				8E9F29A317AD091F00AA30BA /* webtest-Info.plist */,
				8E9F29A417AD091F00AA30BA /* InfoPlist.strings */,
				8E9F29A717AD091F00AA30BA /* main.m */,
				8E9F29A917AD091F00AA30BA /* webtest-Prefix.pch */,
				8E9F29AD17AD091F00AA30BA /* Default.png */,
				8E9F29AF17AD091F00AA30BA /* Default@2x.png */,
				8E9F29B117AD091F00AA30BA /* Default-568h@2x.png */,
			);
			name = "Supporting Files";
			sourceTree = "<group>";
		};
/* End PBXGroup section */

/* Begin PBXNativeTarget section */
		8E9F299717AD091F00AA30BA /* webtest */ = {
			isa = PBXNativeTarget;
			buildConfigurationList = 8E9F29BB17AD091F00AA30BA /* Build configuration list for PBXNativeTarget "webtest" */;
			buildPhases = (
				8E9F299417AD091F00AA30BA /* Sources */,
				8E9F299517AD091F00AA30BA /* Frameworks */,
				8E9F299617AD091F00AA30BA /* Resources */,
			);
			buildRules = (
			);
			dependencies = (
			);
			name = webtest;
			productName = webtest;
			productReference = 8E9F299817AD091F00AA30BA /* webtest.app */;
			productType = "com.apple.product-type.application";
		};
/* End PBXNativeTarget section */

/* Begin PBXProject section */
		8E9F299017AD091F00AA30BA /* Project object */ = {
			isa = PBXProject;
			attributes = {
				LastUpgradeCheck = 0460;
				ORGANIZATIONNAME = moro;
			};
			buildConfigurationList = 8E9F299317AD091F00AA30BA /* Build configuration list for PBXProject "webtest" */;
			compatibilityVersion = "Xcode 3.2";
			developmentRegion = English;
			hasScannedForEncodings = 0;
			knownRegions = (
				en,
			);
			mainGroup = 8E9F298F17AD091F00AA30BA;
			productRefGroup = 8E9F299917AD091F00AA30BA /* Products */;
			projectDirPath = "";
			projectRoot = "";
			targets = (
				8E9F299717AD091F00AA30BA /* webtest */,
			);
		};
/* End PBXProject section */

/* Begin PBXResourcesBuildPhase section */
		8E9F299617AD091F00AA30BA /* Resources */ = {
			isa = PBXResourcesBuildPhase;
			buildActionMask = 2147483647;
			files = (
				8E9F29A617AD091F00AA30BA /* InfoPlist.strings in Resources */,
				8E9F29AE17AD091F00AA30BA /* Default.png in Resources */,
				8E9F29B017AD091F00AA30BA /* Default@2x.png in Resources */,
				8E9F29B217AD091F00AA30BA /* Default-568h@2x.png in Resources */,
				8E9F29B817AD091F00AA30BA /* ViewController.xib in Resources */,
			);
			runOnlyForDeploymentPostprocessing = 0;
		};
/* End PBXResourcesBuildPhase section */

/* Begin PBXSourcesBuildPhase section */
		8E9F299417AD091F00AA30BA /* Sources */ = {
			isa = PBXSourcesBuildPhase;
			buildActionMask = 2147483647;
			files = (
				8E9F29A817AD091F00AA30BA /* main.m in Sources */,
				8E9F29AC17AD091F00AA30BA /* AppDelegate.m in Sources */,
				8E9F29B517AD091F00AA30BA /* ViewController.m in Sources */,
			);
			runOnlyForDeploymentPostprocessing = 0;
		};
/* End PBXSourcesBuildPhase section */

/* Begin PBXVariantGroup section */
		8E9F29A417AD091F00AA30BA /* InfoPlist.strings */ = {
			isa = PBXVariantGroup;
			children = (
				8E9F29A517AD091F00AA30BA /* en */,
			);
			name = InfoPlist.strings;
			sourceTree = "<group>";
		};
		8E9F29B617AD091F00AA30BA /* ViewController.xib */ = {
			isa = PBXVariantGroup;
			children = (
				8E9F29B717AD091F00AA30BA /* en */,
			);
			name = ViewController.xib;
			sourceTree = "<group>";
		};
/* End PBXVariantGroup section */

/* Begin XCBuildConfiguration section */
		8E9F29B917AD091F00AA30BA /* Debug */ = {
			isa = XCBuildConfiguration;
			buildSettings = {
				ALWAYS_SEARCH_USER_PATHS = NO;
				CLANG_CXX_LANGUAGE_STANDARD = "gnu++0x";
				CLANG_CXX_LIBRARY = "libc++";
				CLANG_ENABLE_OBJC_ARC = YES;
				CLANG_WARN_CONSTANT_CONVERSION = YES;
				CLANG_WARN_EMPTY_BODY = YES;
				CLANG_WARN_ENUM_CONVERSION = YES;
				CLANG_WARN_INT_CONVERSION = YES;
				CLANG_WARN__DUPLICATE_METHOD_MATCH = YES;
				"CODE_SIGN_IDENTITY[sdk=iphoneos*]" = "iPhone Developer";
				COPY_PHASE_STRIP = NO;
				GCC_C_LANGUAGE_STANDARD = gnu99;
				GCC_DYNAMIC_NO_PIC = NO;
				GCC_OPTIMIZATION_LEVEL = 0;
				GCC_PREPROCESSOR_DEFINITIONS = (
					"DEBUG=1",
					"$(inherited)",
				);
				GCC_SYMBOLS_PRIVATE_EXTERN = NO;
				GCC_WARN_ABOUT_RETURN_TYPE = YES;
				GCC_WARN_UNINITIALIZED_AUTOS = YES;
				GCC_WARN_UNUSED_VARIABLE = YES;
				IPHONEOS_DEPLOYMENT_TARGET = 6.1;
				ONLY_ACTIVE_ARCH = YES;
				SDKROOT = iphoneos;
			};
			name = Debug;
		};
		8E9F29BA17AD091F00AA30BA /* Release */ = {
			isa = XCBuildConfiguration;
			buildSettings = {
				ALWAYS_SEARCH_USER_PATHS = NO;
				CLANG_CXX_LANGUAGE_STANDARD = "gnu++0x";
				CLANG_CXX_LIBRARY = "libc++";
				CLANG_ENABLE_OBJC_ARC = YES;
				CLANG_WARN_CONSTANT_CONVERSION = YES;
				CLANG_WARN_EMPTY_BODY = YES;
				CLANG_WARN_ENUM_CONVERSION = YES;
				CLANG_WARN_INT_CONVERSION = YES;
				CLANG_WARN__DUPLICATE_METHOD_MATCH = YES;
				"CODE_SIGN_IDENTITY[sdk=iphoneos*]" = "iPhone Developer";
				COPY_PHASE_STRIP = YES;
				GCC_C_LANGUAGE_STANDARD = gnu99;
				GCC_WARN_ABOUT_RETURN_TYPE = YES;
				GCC_WARN_UNINITIALIZED_AUTOS = YES;
				GCC_WARN_UNUSED_VARIABLE = YES;
				IPHONEOS_DEPLOYMENT_TARGET = 6.1;
				OTHER_CFLAGS = "-DNS_BLOCK_ASSERTIONS=1";
				SDKROOT = iphoneos;
				VALIDATE_PRODUCT = YES;
			};
			name = Release;
		};
		8E9F29BC17AD091F00AA30BA /* Debug */ = {
			isa = XCBuildConfiguration;
			buildSettings = {
				GCC_PRECOMPILE_PREFIX_HEADER = YES;
				GCC_PREFIX_HEADER = "webtest/webtest-Prefix.pch";
				INFOPLIST_FILE = "webtest/webtest-Info.plist";
				PRODUCT_NAME = "$(TARGET_NAME)";
				WRAPPER_EXTENSION = app;
			};
			name = Debug;
		};
		8E9F29BD17AD091F00AA30BA /* Release */ = {
			isa = XCBuildConfiguration;
			buildSettings = {
				GCC_PRECOMPILE_PREFIX_HEADER = YES;
				GCC_PREFIX_HEADER = "webtest/webtest-Prefix.pch";
				INFOPLIST_FILE = "webtest/webtest-Info.plist";
				PRODUCT_NAME = "$(TARGET_NAME)";
				WRAPPER_EXTENSION = app;
			};
			name = Release;
		};
/* End XCBuildConfiguration section */

/* Begin XCConfigurationList section */
		8E9F299317AD091F00AA30BA /* Build configuration list for PBXProject "webtest" */ = {
			isa = XCConfigurationList;
			buildConfigurations = (
				8E9F29B917AD091F00AA30BA /* Debug */,
				8E9F29BA17AD091F00AA30BA /* Release */,
			);
			defaultConfigurationIsVisible = 0;
			defaultConfigurationName = Release;
		};
		8E9F29BB17AD091F00AA30BA /* Build configuration list for PBXNativeTarget "webtest" */ = {
			isa = XCConfigurationList;
			buildConfigurations = (
				8E9F29BC17AD091F00AA30BA /* Debug */,
				8E9F29BD17AD091F00AA30BA /* Release */,
			);
			defaultConfigurationIsVisible = 0;
		};
/* End XCConfigurationList section */
	};
	rootObject = 8E9F299017AD091F00AA30BA /* Project object */;
}
